
Microsoft Visual Studio Solution File, Format Version 12.00
# Visual Studio Version 16
VisualStudioVersion = 16.0.30114.105
MinimumVisualStudioVersion = 10.0.40219.1
Project("{FAE04EC0-301F-11D3-BF4B-00C04F79EFBC}") = "ProjectTemplate", "ProjectTemplate\ProjectTemplate.FNA.csproj", "{DD03FA77-93AD-4F12-A83F-E9640A0A92E4}"
EndProject
Project("{FAE04EC0-301F-11D3-BF4B-00C04F79EFBC}") = "FNA", "FNA\FNA.csproj", "{35253CE1-C864-4CD3-8249-4D1319748E8F}"
EndProject
Project("{FAE04EC0-301F-11D3-BF4B-00C04F79EFBC}") = "Nez.FNA", "Nez\Nez.Portable\Nez.FNA.csproj", "{A42EFCFD-8731-4344-8E12-1194BD11685C}"
EndProject
Project("{FAE04EC0-301F-11D3-BF4B-00C04F79EFBC}") = "Nez.FNA.ImGui", "Nez\Nez.ImGui\Nez.FNA.ImGui.csproj", "{99726B48-6FBB-4961-B58F-A7DD7C802342}"
EndProject
Project("{FAE04EC0-301F-11D3-BF4B-00C04F79EFBC}") = "Nez.FNA.Persistence", "Nez\Nez.Persistence\Nez.FNA.Persistence.csproj", "{3C46A783-B752-4A45-BB18-CD46B66D0BF0}"
EndProject
Project("{2150E333-8FDC-42A3-9474-1A3956D46DE8}") = "Nez", "Nez", "{41AC86FA-D026-4139-9A11-2404314DFA56}"
EndProject
Project("{FAE04EC0-301F-11D3-BF4B-00C04F79EFBC}") = "Nez.FNA.FarseerPhysics", "Nez\Nez.FarseerPhysics\Nez.FNA.FarseerPhysics.csproj", "{CF67F73E-7814-4B79-9EB7-481EE1122ABC}"
EndProject
Global
	GlobalSection(SolutionConfigurationPlatforms) = preSolution
		Debug|Any CPU = Debug|Any CPU
		Debug|x64 = Debug|x64
		Debug|x86 = Debug|x86
		Release|Any CPU = Release|Any CPU
		Release|x64 = Release|x64
		Release|x86 = Release|x86
	EndGlobalSection
	GlobalSection(SolutionProperties) = preSolution
		HideSolutionNode = FALSE
	EndGlobalSection
	GlobalSection(ProjectConfigurationPlatforms) = postSolution
		{DD03FA77-93AD-4F12-A83F-E9640A0A92E4}.Debug|Any CPU.ActiveCfg = Debug|Any CPU
		{DD03FA77-93AD-4F12-A83F-E9640A0A92E4}.Debug|Any CPU.Build.0 = Debug|Any CPU
		{DD03FA77-93AD-4F12-A83F-E9640A0A92E4}.Debug|x64.ActiveCfg = Debug|Any CPU
		{DD03FA77-93AD-4F12-A83F-E9640A0A92E4}.Debug|x64.Build.0 = Debug|Any CPU
		{DD03FA77-93AD-4F12-A83F-E9640A0A92E4}.Debug|x86.ActiveCfg = Debug|Any CPU
		{DD03FA77-93AD-4F12-A83F-E9640A0A92E4}.Debug|x86.Build.0 = Debug|Any CPU
		{DD03FA77-93AD-4F12-A83F-E9640A0A92E4}.Release|Any CPU.ActiveCfg = Release|Any CPU
		{DD03FA77-93AD-4F12-A83F-E9640A0A92E4}.Release|Any CPU.Build.0 = Release|Any CPU
		{DD03FA77-93AD-4F12-A83F-E9640A0A92E4}.Release|x64.ActiveCfg = Release|Any CPU
		{DD03FA77-93AD-4F12-A83F-E9640A0A92E4}.Release|x64.Build.0 = Release|Any CPU
		{DD03FA77-93AD-4F12-A83F-E9640A0A92E4}.Release|x86.ActiveCfg = Release|Any CPU
		{DD03FA77-93AD-4F12-A83F-E9640A0A92E4}.Release|x86.Build.0 = Release|Any CPU
		{35253CE1-C864-4CD3-8249-4D1319748E8F}.Debug|Any CPU.ActiveCfg = Debug|Any CPU
		{35253CE1-C864-4CD3-8249-4D1319748E8F}.Debug|Any CPU.Build.0 = Debug|Any CPU
		{35253CE1-C864-4CD3-8249-4D1319748E8F}.Debug|x64.ActiveCfg = Debug|x64
		{35253CE1-C864-4CD3-8249-4D1319748E8F}.Debug|x64.Build.0 = Debug|x64
		{35253CE1-C864-4CD3-8249-4D1319748E8F}.Debug|x86.ActiveCfg = Debug|x86
		{35253CE1-C864-4CD3-8249-4D1319748E8F}.Debug|x86.Build.0 = Debug|x86
		{35253CE1-C864-4CD3-8249-4D1319748E8F}.Release|Any CPU.ActiveCfg = Release|Any CPU
		{35253CE1-C864-4CD3-8249-4D1319748E8F}.Release|Any CPU.Build.0 = Release|Any CPU
		{35253CE1-C864-4CD3-8249-4D1319748E8F}.Release|x64.ActiveCfg = Release|x64
		{35253CE1-C864-4CD3-8249-4D1319748E8F}.Release|x64.Build.0 = Release|x64
		{35253CE1-C864-4CD3-8249-4D1319748E8F}.Release|x86.ActiveCfg = Release|x86
		{35253CE1-C864-4CD3-8249-4D1319748E8F}.Release|x86.Build.0 = Release|x86
		{A42EFCFD-8731-4344-8E12-1194BD11685C}.Debug|Any CPU.ActiveCfg = Debug|Any CPU
		{A42EFCFD-8731-4344-8E12-1194BD11685C}.Debug|Any CPU.Build.0 = Debug|Any CPU
		{A42EFCFD-8731-4344-8E12-1194BD11685C}.Debug|x64.ActiveCfg = Debug|Any CPU
		{A42EFCFD-8731-4344-8E12-1194BD11685C}.Debug|x64.Build.0 = Debug|Any CPU
		{A42EFCFD-8731-4344-8E12-1194BD11685C}.Debug|x86.ActiveCfg = Debug|Any CPU
		{A42EFCFD-8731-4344-8E12-1194BD11685C}.Debug|x86.Build.0 = Debug|Any CPU
		{A42EFCFD-8731-4344-8E12-1194BD11685C}.Release|Any CPU.ActiveCfg = Release|Any CPU
		{A42EFCFD-8731-4344-8E12-1194BD11685C}.Release|Any CPU.Build.0 = Release|Any CPU
		{A42EFCFD-8731-4344-8E12-1194BD11685C}.Release|x64.ActiveCfg = Release|Any CPU
		{A42EFCFD-8731-4344-8E12-1194BD11685C}.Release|x64.Build.0 = Release|Any CPU
		{A42EFCFD-8731-4344-8E12-1194BD11685C}.Release|x86.ActiveCfg = Release|Any CPU
		{A42EFCFD-8731-4344-8E12-1194BD11685C}.Release|x86.Build.0 = Release|Any CPU
		{99726B48-6FBB-4961-B58F-A7DD7C802342}.Debug|Any CPU.ActiveCfg = Debug|Any CPU
		{99726B48-6FBB-4961-B58F-A7DD7C802342}.Debug|Any CPU.Build.0 = Debug|Any CPU
		{99726B48-6FBB-4961-B58F-A7DD7C802342}.Debug|x64.ActiveCfg = Debug|Any CPU
		{99726B48-6FBB-4961-B58F-A7DD7C802342}.Debug|x64.Build.0 = Debug|Any CPU
		{99726B48-6FBB-4961-B58F-A7DD7C802342}.Debug|x86.ActiveCfg = Debug|Any CPU
		{99726B48-6FBB-4961-B58F-A7DD7C802342}.Debug|x86.Build.0 = Debug|Any CPU
		{99726B48-6FBB-4961-B58F-A7DD7C802342}.Release|Any CPU.ActiveCfg = Release|Any CPU
		{99726B48-6FBB-4961-B58F-A7DD7C802342}.Release|Any CPU.Build.0 = Release|Any CPU
		{99726B48-6FBB-4961-B58F-A7DD7C802342}.Release|x64.ActiveCfg = Release|Any CPU
		{99726B48-6FBB-4961-B58F-A7DD7C802342}.Release|x64.Build.0 = Release|Any CPU
		{99726B48-6FBB-4961-B58F-A7DD7C802342}.Release|x86.ActiveCfg = Release|Any CPU
		{99726B48-6FBB-4961-B58F-A7DD7C802342}.Release|x86.Build.0 = Release|Any CPU
		{3C46A783-B752-4A45-BB18-CD46B66D0BF0}.Debug|Any CPU.ActiveCfg = Debug|Any CPU
		{3C46A783-B752-4A45-BB18-CD46B66D0BF0}.Debug|Any CPU.Build.0 = Debug|Any CPU
		{3C46A783-B752-4A45-BB18-CD46B66D0BF0}.Debug|x64.ActiveCfg = Debug|Any CPU
		{3C46A783-B752-4A45-BB18-CD46B66D0BF0}.Debug|x64.Build.0 = Debug|Any CPU
		{3C46A783-B752-4A45-BB18-CD46B66D0BF0}.Debug|x86.ActiveCfg = Debug|Any CPU
		{3C46A783-B752-4A45-BB18-CD46B66D0BF0}.Debug|x86.Build.0 = Debug|Any CPU
		{3C46A783-B752-4A45-BB18-CD46B66D0BF0}.Release|Any CPU.ActiveCfg = Release|Any CPU
		{3C46A783-B752-4A45-BB18-CD46B66D0BF0}.Release|Any CPU.Build.0 = Release|Any CPU
		{3C46A783-B752-4A45-BB18-CD46B66D0BF0}.Release|x64.ActiveCfg = Release|Any CPU
		{3C46A783-B752-4A45-BB18-CD46B66D0BF0}.Release|x64.Build.0 = Release|Any CPU
		{3C46A783-B752-4A45-BB18-CD46B66D0BF0}.Release|x86.ActiveCfg = Release|Any CPU
		{3C46A783-B752-4A45-BB18-CD46B66D0BF0}.Release|x86.Build.0 = Release|Any CPU
		{CF67F73E-7814-4B79-9EB7-481EE1122ABC}.Debug|Any CPU.ActiveCfg = Debug|Any CPU
		{CF67F73E-7814-4B79-9EB7-481EE1122ABC}.Debug|Any CPU.Build.0 = Debug|Any CPU
		{CF67F73E-7814-4B79-9EB7-481EE1122ABC}.Debug|x64.ActiveCfg = Debug|Any CPU
		{CF67F73E-7814-4B79-9EB7-481EE1122ABC}.Debug|x64.Build.0 = Debug|Any CPU
		{CF67F73E-7814-4B79-9EB7-481EE1122ABC}.Debug|x86.ActiveCfg = Debug|Any CPU
		{CF67F73E-7814-4B79-9EB7-481EE1122ABC}.Debug|x86.Build.0 = Debug|Any CPU
		{CF67F73E-7814-4B79-9EB7-481EE1122ABC}.Release|Any CPU.ActiveCfg = Release|Any CPU
		{CF67F73E-7814-4B79-9EB7-481EE1122ABC}.Release|Any CPU.Build.0 = Release|Any CPU
		{CF67F73E-7814-4B79-9EB7-481EE1122ABC}.Release|x64.ActiveCfg = Release|Any CPU
		{CF67F73E-7814-4B79-9EB7-481EE1122ABC}.Release|x64.Build.0 = Release|Any CPU
		{CF67F73E-7814-4B79-9EB7-481EE1122ABC}.Release|x86.ActiveCfg = Release|Any CPU
		{CF67F73E-7814-4B79-9EB7-481EE1122ABC}.Release|x86.Build.0 = Release|Any CPU
	EndGlobalSection
	GlobalSection(NestedProjects) = preSolution
		{35253CE1-C864-4CD3-8249-4D1319748E8F} = {41AC86FA-D026-4139-9A11-2404314DFA56}
		{A42EFCFD-8731-4344-8E12-1194BD11685C} = {41AC86FA-D026-4139-9A11-2404314DFA56}
		{99726B48-6FBB-4961-B58F-A7DD7C802342} = {41AC86FA-D026-4139-9A11-2404314DFA56}
		{3C46A783-B752-4A45-BB18-CD46B66D0BF0} = {41AC86FA-D026-4139-9A11-2404314DFA56}
		{CF67F73E-7814-4B79-9EB7-481EE1122ABC} = {41AC86FA-D026-4139-9A11-2404314DFA56}
	EndGlobalSection
EndGlobal
